
Microsoft Visual Studio Solution File, Format Version 12.00
# Visual Studio 2013
VisualStudioVersion = 12.0.21005.1
MinimumVisualStudioVersion = 10.0.40219.1
Project("{2150E333-8FDC-42A3-9474-1A3956D46DE8}") = "Components", "Components", "{AA60FB78-803F-4FEF-A939-422125E697AE}"
EndProject
Project("{2150E333-8FDC-42A3-9474-1A3956D46DE8}") = "Repository", "Repository", "{006C6DCB-BC81-4ACF-9440-9C6B19C3CB9A}"
EndProject
Project("{FAE04EC0-301F-11D3-BF4B-00C04F79EFBC}") = "AGL.Components.Repository", "src\Components\Repository\AGL.Components.Repository\AGL.Components.Repository.csproj", "{4B0DA2D4-9999-4011-8BFE-0C20F3D8FD5B}"
EndProject
Project("{2150E333-8FDC-42A3-9474-1A3956D46DE8}") = "Providers", "Providers", "{3FEEC64D-E072-4D77-AFDD-C964382F4BB8}"
EndProject
Project("{FAE04EC0-301F-11D3-BF4B-00C04F79EFBC}") = "AGL.Components.Providers.Inteface", "src\Components\Providers\AGL.Components.Providers.Inteface\AGL.Components.Providers.Inteface.csproj", "{C665FAA7-3764-48D6-AA74-846371AA5B8B}"
EndProject
Project("{FAE04EC0-301F-11D3-BF4B-00C04F79EFBC}") = "AGL.Components.Providers.RestSharp", "src\Components\Providers\AGL.Components.Providers.RestSharp\AGL.Components.Providers.RestSharp.csproj", "{4BA57EEF-5873-4EC6-A64E-129ED6A24B45}"
EndProject
Project("{2150E333-8FDC-42A3-9474-1A3956D46DE8}") = "Assessment", "Assessment", "{1CB825D6-6523-4A96-A5DF-F817C039973C}"
EndProject
Project("{2150E333-8FDC-42A3-9474-1A3956D46DE8}") = "Mvc", "Mvc", "{2E6DFBAC-9BF5-428C-8BA0-E12E0E5BF086}"
EndProject
Project("{2150E333-8FDC-42A3-9474-1A3956D46DE8}") = "Domain", "Domain", "{27633999-72BD-4B3C-88AE-A9A4ACA6646A}"
EndProject
Project("{FAE04EC0-301F-11D3-BF4B-00C04F79EFBC}") = "AGL.Assessment.Domain", "src\Assessment\Domain\AGL.Assessment.Domain\AGL.Assessment.Domain.csproj", "{556F4973-CA21-4201-A3B4-92CCD03BE9F5}"
EndProject
Project("{2150E333-8FDC-42A3-9474-1A3956D46DE8}") = "Web", "Web", "{2E1B30A4-1F33-4E10-9762-526965A33451}"
EndProject
Project("{FAE04EC0-301F-11D3-BF4B-00C04F79EFBC}") = "AGL.Assessment.Web.Mvc", "src\Assessment\Web\Mvc\AGL.Assessment.Web.Mvc\AGL.Assessment.Web.Mvc.csproj", "{D04BC0F0-E5B3-4043-A422-753DA72794EC}"
EndProject
Project("{2150E333-8FDC-42A3-9474-1A3956D46DE8}") = "Logger", "Logger", "{5F98743E-D304-4712-912B-FC491BA12497}"
EndProject
Project("{FAE04EC0-301F-11D3-BF4B-00C04F79EFBC}") = "AGL.Components.Logger", "src\Components\Logger\AGL.Components.Logger\AGL.Components.Logger.csproj", "{9F3D0CF5-C1E8-4CC0-863F-A79A04B2B891}"
EndProject
Project("{2150E333-8FDC-42A3-9474-1A3956D46DE8}") = "Helpers", "Helpers", "{F091EE90-9773-4A62-B756-81934DCC10D2}"
EndProject
Project("{FAE04EC0-301F-11D3-BF4B-00C04F79EFBC}") = "AGL.Components.Helpers", "src\Components\Helpers\AGL.Components.Helpers\AGL.Components.Helpers.csproj", "{9B1BE991-6545-403A-B371-C8DA922D58AE}"
EndProject
Global
	GlobalSection(SolutionConfigurationPlatforms) = preSolution
		Debug|Any CPU = Debug|Any CPU
		Release|Any CPU = Release|Any CPU
	EndGlobalSection
	GlobalSection(ProjectConfigurationPlatforms) = postSolution
		{4B0DA2D4-9999-4011-8BFE-0C20F3D8FD5B}.Debug|Any CPU.ActiveCfg = Debug|Any CPU
		{4B0DA2D4-9999-4011-8BFE-0C20F3D8FD5B}.Debug|Any CPU.Build.0 = Debug|Any CPU
		{4B0DA2D4-9999-4011-8BFE-0C20F3D8FD5B}.Release|Any CPU.ActiveCfg = Release|Any CPU
		{4B0DA2D4-9999-4011-8BFE-0C20F3D8FD5B}.Release|Any CPU.Build.0 = Release|Any CPU
		{C665FAA7-3764-48D6-AA74-846371AA5B8B}.Debug|Any CPU.ActiveCfg = Debug|Any CPU
		{C665FAA7-3764-48D6-AA74-846371AA5B8B}.Debug|Any CPU.Build.0 = Debug|Any CPU
		{C665FAA7-3764-48D6-AA74-846371AA5B8B}.Release|Any CPU.ActiveCfg = Release|Any CPU
		{C665FAA7-3764-48D6-AA74-846371AA5B8B}.Release|Any CPU.Build.0 = Release|Any CPU
		{4BA57EEF-5873-4EC6-A64E-129ED6A24B45}.Debug|Any CPU.ActiveCfg = Debug|Any CPU
		{4BA57EEF-5873-4EC6-A64E-129ED6A24B45}.Debug|Any CPU.Build.0 = Debug|Any CPU
		{4BA57EEF-5873-4EC6-A64E-129ED6A24B45}.Release|Any CPU.ActiveCfg = Release|Any CPU
		{4BA57EEF-5873-4EC6-A64E-129ED6A24B45}.Release|Any CPU.Build.0 = Release|Any CPU
		{556F4973-CA21-4201-A3B4-92CCD03BE9F5}.Debug|Any CPU.ActiveCfg = Debug|Any CPU
		{556F4973-CA21-4201-A3B4-92CCD03BE9F5}.Debug|Any CPU.Build.0 = Debug|Any CPU
		{556F4973-CA21-4201-A3B4-92CCD03BE9F5}.Release|Any CPU.ActiveCfg = Release|Any CPU
		{556F4973-CA21-4201-A3B4-92CCD03BE9F5}.Release|Any CPU.Build.0 = Release|Any CPU
		{D04BC0F0-E5B3-4043-A422-753DA72794EC}.Debug|Any CPU.ActiveCfg = Debug|Any CPU
		{D04BC0F0-E5B3-4043-A422-753DA72794EC}.Debug|Any CPU.Build.0 = Debug|Any CPU
		{D04BC0F0-E5B3-4043-A422-753DA72794EC}.Release|Any CPU.ActiveCfg = Release|Any CPU
		{D04BC0F0-E5B3-4043-A422-753DA72794EC}.Release|Any CPU.Build.0 = Release|Any CPU
		{9F3D0CF5-C1E8-4CC0-863F-A79A04B2B891}.Debug|Any CPU.ActiveCfg = Debug|Any CPU
		{9F3D0CF5-C1E8-4CC0-863F-A79A04B2B891}.Debug|Any CPU.Build.0 = Debug|Any CPU
		{9F3D0CF5-C1E8-4CC0-863F-A79A04B2B891}.Release|Any CPU.ActiveCfg = Release|Any CPU
		{9F3D0CF5-C1E8-4CC0-863F-A79A04B2B891}.Release|Any CPU.Build.0 = Release|Any CPU
		{9B1BE991-6545-403A-B371-C8DA922D58AE}.Debug|Any CPU.ActiveCfg = Debug|Any CPU
		{9B1BE991-6545-403A-B371-C8DA922D58AE}.Debug|Any CPU.Build.0 = Debug|Any CPU
		{9B1BE991-6545-403A-B371-C8DA922D58AE}.Release|Any CPU.ActiveCfg = Release|Any CPU
		{9B1BE991-6545-403A-B371-C8DA922D58AE}.Release|Any CPU.Build.0 = Release|Any CPU
	EndGlobalSection
	GlobalSection(SolutionProperties) = preSolution
		HideSolutionNode = FALSE
	EndGlobalSection
	GlobalSection(NestedProjects) = preSolution
		{006C6DCB-BC81-4ACF-9440-9C6B19C3CB9A} = {AA60FB78-803F-4FEF-A939-422125E697AE}
		{3FEEC64D-E072-4D77-AFDD-C964382F4BB8} = {AA60FB78-803F-4FEF-A939-422125E697AE}
		{5F98743E-D304-4712-912B-FC491BA12497} = {AA60FB78-803F-4FEF-A939-422125E697AE}
		{F091EE90-9773-4A62-B756-81934DCC10D2} = {AA60FB78-803F-4FEF-A939-422125E697AE}
		{4B0DA2D4-9999-4011-8BFE-0C20F3D8FD5B} = {006C6DCB-BC81-4ACF-9440-9C6B19C3CB9A}
		{C665FAA7-3764-48D6-AA74-846371AA5B8B} = {3FEEC64D-E072-4D77-AFDD-C964382F4BB8}
		{4BA57EEF-5873-4EC6-A64E-129ED6A24B45} = {3FEEC64D-E072-4D77-AFDD-C964382F4BB8}
		{2E1B30A4-1F33-4E10-9762-526965A33451} = {1CB825D6-6523-4A96-A5DF-F817C039973C}
		{27633999-72BD-4B3C-88AE-A9A4ACA6646A} = {1CB825D6-6523-4A96-A5DF-F817C039973C}
		{2E6DFBAC-9BF5-428C-8BA0-E12E0E5BF086} = {2E1B30A4-1F33-4E10-9762-526965A33451}
		{556F4973-CA21-4201-A3B4-92CCD03BE9F5} = {27633999-72BD-4B3C-88AE-A9A4ACA6646A}
		{D04BC0F0-E5B3-4043-A422-753DA72794EC} = {2E6DFBAC-9BF5-428C-8BA0-E12E0E5BF086}
		{9F3D0CF5-C1E8-4CC0-863F-A79A04B2B891} = {5F98743E-D304-4712-912B-FC491BA12497}
		{9B1BE991-6545-403A-B371-C8DA922D58AE} = {F091EE90-9773-4A62-B756-81934DCC10D2}
	EndGlobalSection
EndGlobal
